
Microsoft Visual Studio Solution File, Format Version 12.00
# Visual Studio Version 16
VisualStudioVersion = 16.0.31321.278
MinimumVisualStudioVersion = 10.0.40219.1
Project("{FAE04EC0-301F-11D3-BF4B-00C04F79EFBC}") = "Practice", "Practice.csproj", "{BBC23605-E80D-41E0-AD73-FCB2CD4909B0}"
EndProject
Global
	GlobalSection(SolutionConfigurationPlatforms) = preSolution
		Debug|Any CPU = Debug|Any CPU
		Release|Any CPU = Release|Any CPU
	EndGlobalSection
	GlobalSection(ProjectConfigurationPlatforms) = postSolution
		{BBC23605-E80D-41E0-AD73-FCB2CD4909B0}.Debug|Any CPU.ActiveCfg = Debug|Any CPU
		{BBC23605-E80D-41E0-AD73-FCB2CD4909B0}.Debug|Any CPU.Build.0 = Debug|Any CPU
		{BBC23605-E80D-41E0-AD73-FCB2CD4909B0}.Release|Any CPU.ActiveCfg = Release|Any CPU
		{BBC23605-E80D-41E0-AD73-FCB2CD4909B0}.Release|Any CPU.Build.0 = Release|Any CPU
	EndGlobalSection
	GlobalSection(SolutionProperties) = preSolution
		HideSolutionNode = FALSE
	EndGlobalSection
	GlobalSection(ExtensibilityGlobals) = postSolution
		SolutionGuid = {B561DB28-7666-4D23-8A63-94A0818BAAFA}
	EndGlobalSection
EndGlobal
